// !$*UTF8*$!
{
	archiveVersion = 1;
	classes = {
	};
	objectVersion = 56;
	objects = {

/* Begin PBXBuildFile section */
		082F145929EF1BCA00ADA863 /* AppDelegate.swift in Sources */ = {isa = PBXBuildFile; fileRef = 082F145829EF1BCA00ADA863 /* AppDelegate.swift */; };
		082F145B29EF1BCA00ADA863 /* SceneDelegate.swift in Sources */ = {isa = PBXBuildFile; fileRef = 082F145A29EF1BCA00ADA863 /* SceneDelegate.swift */; };
		082F145D29EF1BCA00ADA863 /* MainController.swift in Sources */ = {isa = PBXBuildFile; fileRef = 082F145C29EF1BCA00ADA863 /* MainController.swift */; };
		082F146029EF1BCA00ADA863 /* Main.storyboard in Resources */ = {isa = PBXBuildFile; fileRef = 082F145E29EF1BCA00ADA863 /* Main.storyboard */; };
		082F146229EF1BCD00ADA863 /* Assets.xcassets in Resources */ = {isa = PBXBuildFile; fileRef = 082F146129EF1BCD00ADA863 /* Assets.xcassets */; };
		082F146529EF1BCD00ADA863 /* LaunchScreen.storyboard in Resources */ = {isa = PBXBuildFile; fileRef = 082F146329EF1BCD00ADA863 /* LaunchScreen.storyboard */; };
		082F147529F1C9A900ADA863 /* DevicesCollectionViewCell.swift in Sources */ = {isa = PBXBuildFile; fileRef = 082F147429F1C9A900ADA863 /* DevicesCollectionViewCell.swift */; };
		082F147729F3D0A700ADA863 /* AddVisitorsController.swift in Sources */ = {isa = PBXBuildFile; fileRef = 082F147629F3D0A700ADA863 /* AddVisitorsController.swift */; };
		082F147A29F3D97400ADA863 /* FSCalendar in Frameworks */ = {isa = PBXBuildFile; productRef = 082F147929F3D97400ADA863 /* FSCalendar */; };
/* End PBXBuildFile section */

/* Begin PBXFileReference section */
		082F145529EF1BCA00ADA863 /* DemoApp.app */ = {isa = PBXFileReference; explicitFileType = wrapper.application; includeInIndex = 0; path = DemoApp.app; sourceTree = BUILT_PRODUCTS_DIR; };
		082F145829EF1BCA00ADA863 /* AppDelegate.swift */ = {isa = PBXFileReference; lastKnownFileType = sourcecode.swift; path = AppDelegate.swift; sourceTree = "<group>"; };
		082F145A29EF1BCA00ADA863 /* SceneDelegate.swift */ = {isa = PBXFileReference; lastKnownFileType = sourcecode.swift; path = SceneDelegate.swift; sourceTree = "<group>"; };
		082F145C29EF1BCA00ADA863 /* MainController.swift */ = {isa = PBXFileReference; lastKnownFileType = sourcecode.swift; path = MainController.swift; sourceTree = "<group>"; };
		082F145F29EF1BCA00ADA863 /* Base */ = {isa = PBXFileReference; lastKnownFileType = file.storyboard; name = Base; path = Base.lproj/Main.storyboard; sourceTree = "<group>"; };
		082F146129EF1BCD00ADA863 /* Assets.xcassets */ = {isa = PBXFileReference; lastKnownFileType = folder.assetcatalog; path = Assets.xcassets; sourceTree = "<group>"; };
		082F146429EF1BCD00ADA863 /* Base */ = {isa = PBXFileReference; lastKnownFileType = file.storyboard; name = Base; path = Base.lproj/LaunchScreen.storyboard; sourceTree = "<group>"; };
		082F146629EF1BCD00ADA863 /* Info.plist */ = {isa = PBXFileReference; lastKnownFileType = text.plist.xml; path = Info.plist; sourceTree = "<group>"; };
		082F147429F1C9A900ADA863 /* DevicesCollectionViewCell.swift */ = {isa = PBXFileReference; lastKnownFileType = sourcecode.swift; path = DevicesCollectionViewCell.swift; sourceTree = "<group>"; };
		082F147629F3D0A700ADA863 /* AddVisitorsController.swift */ = {isa = PBXFileReference; lastKnownFileType = sourcecode.swift; path = AddVisitorsController.swift; sourceTree = "<group>"; };
/* End PBXFileReference section */

/* Begin PBXFrameworksBuildPhase section */
		082F145229EF1BCA00ADA863 /* Frameworks */ = {
			isa = PBXFrameworksBuildPhase;
			buildActionMask = 2147483647;
			files = (
				082F147A29F3D97400ADA863 /* FSCalendar in Frameworks */,
			);
			runOnlyForDeploymentPostprocessing = 0;
		};
/* End PBXFrameworksBuildPhase section */

/* Begin PBXGroup section */
		082F144C29EF1BCA00ADA863 = {
			isa = PBXGroup;
			children = (
				082F145729EF1BCA00ADA863 /* DemoApp */,
				082F145629EF1BCA00ADA863 /* Products */,
			);
			sourceTree = "<group>";
		};
		082F145629EF1BCA00ADA863 /* Products */ = {
			isa = PBXGroup;
			children = (
				082F145529EF1BCA00ADA863 /* DemoApp.app */,
			);
			name = Products;
			sourceTree = "<group>";
		};
		082F145729EF1BCA00ADA863 /* DemoApp */ = {
			isa = PBXGroup;
			children = (
				082F146C29EF1BD600ADA863 /* Application */,
				082F147029EF1C0400ADA863 /* Models */,
				082F146E29EF1BEB00ADA863 /* Controllers */,
				082F146F29EF1BF400ADA863 /* Views */,
				082F146D29EF1BE000ADA863 /* Resources */,
				082F146629EF1BCD00ADA863 /* Info.plist */,
			);
			path = DemoApp;
			sourceTree = "<group>";
		};
		082F146C29EF1BD600ADA863 /* Application */ = {
			isa = PBXGroup;
			children = (
				082F145829EF1BCA00ADA863 /* AppDelegate.swift */,
				082F145A29EF1BCA00ADA863 /* SceneDelegate.swift */,
			);
			path = Application;
			sourceTree = "<group>";
		};
		082F146D29EF1BE000ADA863 /* Resources */ = {
			isa = PBXGroup;
			children = (
				082F146129EF1BCD00ADA863 /* Assets.xcassets */,
				082F146329EF1BCD00ADA863 /* LaunchScreen.storyboard */,
			);
			path = Resources;
			sourceTree = "<group>";
		};
		082F146E29EF1BEB00ADA863 /* Controllers */ = {
			isa = PBXGroup;
			children = (
				082F145C29EF1BCA00ADA863 /* MainController.swift */,
				082F147629F3D0A700ADA863 /* AddVisitorsController.swift */,
				082F147329F1C98700ADA863 /* Cell */,
			);
			path = Controllers;
			sourceTree = "<group>";
		};
		082F146F29EF1BF400ADA863 /* Views */ = {
			isa = PBXGroup;
			children = (
				082F145E29EF1BCA00ADA863 /* Main.storyboard */,
			);
			path = Views;
			sourceTree = "<group>";
		};
		082F147029EF1C0400ADA863 /* Models */ = {
			isa = PBXGroup;
			children = (
			);
			path = Models;
			sourceTree = "<group>";
		};
		082F147329F1C98700ADA863 /* Cell */ = {
			isa = PBXGroup;
			children = (
				082F147429F1C9A900ADA863 /* DevicesCollectionViewCell.swift */,
			);
			path = Cell;
			sourceTree = "<group>";
		};
/* End PBXGroup section */

/* Begin PBXNativeTarget section */
		082F145429EF1BCA00ADA863 /* DemoApp */ = {
			isa = PBXNativeTarget;
			buildConfigurationList = 082F146929EF1BCD00ADA863 /* Build configuration list for PBXNativeTarget "DemoApp" */;
			buildPhases = (
				082F145129EF1BCA00ADA863 /* Sources */,
				082F145229EF1BCA00ADA863 /* Frameworks */,
				082F145329EF1BCA00ADA863 /* Resources */,
			);
			buildRules = (
			);
			dependencies = (
			);
			name = DemoApp;
			packageProductDependencies = (
				082F147929F3D97400ADA863 /* FSCalendar */,
			);
			productName = DemoApp;
			productReference = 082F145529EF1BCA00ADA863 /* DemoApp.app */;
			productType = "com.apple.product-type.application";
		};
/* End PBXNativeTarget section */

/* Begin PBXProject section */
		082F144D29EF1BCA00ADA863 /* Project object */ = {
			isa = PBXProject;
			attributes = {
				BuildIndependentTargetsInParallel = 1;
				LastSwiftUpdateCheck = 1420;
				LastUpgradeCheck = 1420;
				TargetAttributes = {
					082F145429EF1BCA00ADA863 = {
						CreatedOnToolsVersion = 14.2;
					};
				};
			};
			buildConfigurationList = 082F145029EF1BCA00ADA863 /* Build configuration list for PBXProject "DemoApp" */;
			compatibilityVersion = "Xcode 14.0";
			developmentRegion = en;
			hasScannedForEncodings = 0;
			knownRegions = (
				en,
				Base,
			);
			mainGroup = 082F144C29EF1BCA00ADA863;
			packageReferences = (
				082F147829F3D97400ADA863 /* XCRemoteSwiftPackageReference "FSCalendar" */,
			);
			productRefGroup = 082F145629EF1BCA00ADA863 /* Products */;
			projectDirPath = "";
			projectRoot = "";
			targets = (
				082F145429EF1BCA00ADA863 /* DemoApp */,
			);
		};
/* End PBXProject section */

/* Begin PBXResourcesBuildPhase section */
		082F145329EF1BCA00ADA863 /* Resources */ = {
			isa = PBXResourcesBuildPhase;
			buildActionMask = 2147483647;
			files = (
				082F146529EF1BCD00ADA863 /* LaunchScreen.storyboard in Resources */,
				082F146229EF1BCD00ADA863 /* Assets.xcassets in Resources */,
				082F146029EF1BCA00ADA863 /* Main.storyboard in Resources */,
			);
			runOnlyForDeploymentPostprocessing = 0;
		};
/* End PBXResourcesBuildPhase section */

/* Begin PBXSourcesBuildPhase section */
		082F145129EF1BCA00ADA863 /* Sources */ = {
			isa = PBXSourcesBuildPhase;
			buildActionMask = 2147483647;
			files = (
				082F147529F1C9A900ADA863 /* DevicesCollectionViewCell.swift in Sources */,
				082F147729F3D0A700ADA863 /* AddVisitorsController.swift in Sources */,
				082F145D29EF1BCA00ADA863 /* MainController.swift in Sources */,
				082F145929EF1BCA00ADA863 /* AppDelegate.swift in Sources */,
				082F145B29EF1BCA00ADA863 /* SceneDelegate.swift in Sources */,
			);
			runOnlyForDeploymentPostprocessing = 0;
		};
/* End PBXSourcesBuildPhase section */

/* Begin PBXVariantGroup section */
		082F145E29EF1BCA00ADA863 /* Main.storyboard */ = {
			isa = PBXVariantGroup;
			children = (
				082F145F29EF1BCA00ADA863 /* Base */,
			);
			name = Main.storyboard;
			sourceTree = "<group>";
		};
		082F146329EF1BCD00ADA863 /* LaunchScreen.storyboard */ = {
			isa = PBXVariantGroup;
			children = (
				082F146429EF1BCD00ADA863 /* Base */,
			);
			name = LaunchScreen.storyboard;
			sourceTree = "<group>";
		};
/* End PBXVariantGroup section */

/* Begin XCBuildConfiguration section */
		082F146729EF1BCD00ADA863 /* Debug */ = {
			isa = XCBuildConfiguration;
			buildSettings = {
				ALWAYS_SEARCH_USER_PATHS = NO;
				CLANG_ANALYZER_NONNULL = YES;
				CLANG_ANALYZER_NUMBER_OBJECT_CONVERSION = YES_AGGRESSIVE;
				CLANG_CXX_LANGUAGE_STANDARD = "gnu++20";
				CLANG_ENABLE_MODULES = YES;
				CLANG_ENABLE_OBJC_ARC = YES;
				CLANG_ENABLE_OBJC_WEAK = YES;
				CLANG_WARN_BLOCK_CAPTURE_AUTORELEASING = YES;
				CLANG_WARN_BOOL_CONVERSION = YES;
				CLANG_WARN_COMMA = YES;
				CLANG_WARN_CONSTANT_CONVERSION = YES;
				CLANG_WARN_DEPRECATED_OBJC_IMPLEMENTATIONS = YES;
				CLANG_WARN_DIRECT_OBJC_ISA_USAGE = YES_ERROR;
				CLANG_WARN_DOCUMENTATION_COMMENTS = YES;
				CLANG_WARN_EMPTY_BODY = YES;
				CLANG_WARN_ENUM_CONVERSION = YES;
				CLANG_WARN_INFINITE_RECURSION = YES;
				CLANG_WARN_INT_CONVERSION = YES;
				CLANG_WARN_NON_LITERAL_NULL_CONVERSION = YES;
				CLANG_WARN_OBJC_IMPLICIT_RETAIN_SELF = YES;
				CLANG_WARN_OBJC_LITERAL_CONVERSION = YES;
				CLANG_WARN_OBJC_ROOT_CLASS = YES_ERROR;
				CLANG_WARN_QUOTED_INCLUDE_IN_FRAMEWORK_HEADER = YES;
				CLANG_WARN_RANGE_LOOP_ANALYSIS = YES;
				CLANG_WARN_STRICT_PROTOTYPES = YES;
				CLANG_WARN_SUSPICIOUS_MOVE = YES;
				CLANG_WARN_UNGUARDED_AVAILABILITY = YES_AGGRESSIVE;
				CLANG_WARN_UNREACHABLE_CODE = YES;
				CLANG_WARN__DUPLICATE_METHOD_MATCH = YES;
				COPY_PHASE_STRIP = NO;
				DEBUG_INFORMATION_FORMAT = dwarf;
				ENABLE_STRICT_OBJC_MSGSEND = YES;
				ENABLE_TESTABILITY = YES;
				GCC_C_LANGUAGE_STANDARD = gnu11;
				GCC_DYNAMIC_NO_PIC = NO;
				GCC_NO_COMMON_BLOCKS = YES;
				GCC_OPTIMIZATION_LEVEL = 0;
				GCC_PREPROCESSOR_DEFINITIONS = (
					"DEBUG=1",
					"$(inherited)",
				);
				GCC_WARN_64_TO_32_BIT_CONVERSION = YES;
				GCC_WARN_ABOUT_RETURN_TYPE = YES_ERROR;
				GCC_WARN_UNDECLARED_SELECTOR = YES;
				GCC_WARN_UNINITIALIZED_AUTOS = YES_AGGRESSIVE;
				GCC_WARN_UNUSED_FUNCTION = YES;
				GCC_WARN_UNUSED_VARIABLE = YES;
				IPHONEOS_DEPLOYMENT_TARGET = 16.2;
				MTL_ENABLE_DEBUG_INFO = INCLUDE_SOURCE;
				MTL_FAST_MATH = YES;
				ONLY_ACTIVE_ARCH = YES;
				SDKROOT = iphoneos;
				SWIFT_ACTIVE_COMPILATION_CONDITIONS = DEBUG;
				SWIFT_OPTIMIZATION_LEVEL = "-Onone";
			};
			name = Debug;
		};
		082F146829EF1BCD00ADA863 /* Release */ = {
			isa = XCBuildConfiguration;
			buildSettings = {
				ALWAYS_SEARCH_USER_PATHS = NO;
				CLANG_ANALYZER_NONNULL = YES;
				CLANG_ANALYZER_NUMBER_OBJECT_CONVERSION = YES_AGGRESSIVE;
				CLANG_CXX_LANGUAGE_STANDARD = "gnu++20";
				CLANG_ENABLE_MODULES = YES;
				CLANG_ENABLE_OBJC_ARC = YES;
				CLANG_ENABLE_OBJC_WEAK = YES;
				CLANG_WARN_BLOCK_CAPTURE_AUTORELEASING = YES;
				CLANG_WARN_BOOL_CONVERSION = YES;
				CLANG_WARN_COMMA = YES;
				CLANG_WARN_CONSTANT_CONVERSION = YES;
				CLANG_WARN_DEPRECATED_OBJC_IMPLEMENTATIONS = YES;
				CLANG_WARN_DIRECT_OBJC_ISA_USAGE = YES_ERROR;
				CLANG_WARN_DOCUMENTATION_COMMENTS = YES;
				CLANG_WARN_EMPTY_BODY = YES;
				CLANG_WARN_ENUM_CONVERSION = YES;
				CLANG_WARN_INFINITE_RECURSION = YES;
				CLANG_WARN_INT_CONVERSION = YES;
				CLANG_WARN_NON_LITERAL_NULL_CONVERSION = YES;
				CLANG_WARN_OBJC_IMPLICIT_RETAIN_SELF = YES;
				CLANG_WARN_OBJC_LITERAL_CONVERSION = YES;
				CLANG_WARN_OBJC_ROOT_CLASS = YES_ERROR;
				CLANG_WARN_QUOTED_INCLUDE_IN_FRAMEWORK_HEADER = YES;
				CLANG_WARN_RANGE_LOOP_ANALYSIS = YES;
				CLANG_WARN_STRICT_PROTOTYPES = YES;
				CLANG_WARN_SUSPICIOUS_MOVE = YES;
				CLANG_WARN_UNGUARDED_AVAILABILITY = YES_AGGRESSIVE;
				CLANG_WARN_UNREACHABLE_CODE = YES;
				CLANG_WARN__DUPLICATE_METHOD_MATCH = YES;
				COPY_PHASE_STRIP = NO;
				DEBUG_INFORMATION_FORMAT = "dwarf-with-dsym";
				ENABLE_NS_ASSERTIONS = NO;
				ENABLE_STRICT_OBJC_MSGSEND = YES;
				GCC_C_LANGUAGE_STANDARD = gnu11;
				GCC_NO_COMMON_BLOCKS = YES;
				GCC_WARN_64_TO_32_BIT_CONVERSION = YES;
				GCC_WARN_ABOUT_RETURN_TYPE = YES_ERROR;
				GCC_WARN_UNDECLARED_SELECTOR = YES;
				GCC_WARN_UNINITIALIZED_AUTOS = YES_AGGRESSIVE;
				GCC_WARN_UNUSED_FUNCTION = YES;
				GCC_WARN_UNUSED_VARIABLE = YES;
				IPHONEOS_DEPLOYMENT_TARGET = 16.2;
				MTL_ENABLE_DEBUG_INFO = NO;
				MTL_FAST_MATH = YES;
				SDKROOT = iphoneos;
				SWIFT_COMPILATION_MODE = wholemodule;
				SWIFT_OPTIMIZATION_LEVEL = "-O";
				VALIDATE_PRODUCT = YES;
			};
			name = Release;
		};
		082F146A29EF1BCD00ADA863 /* Debug */ = {
			isa = XCBuildConfiguration;
			buildSettings = {
				ASSETCATALOG_COMPILER_APPICON_NAME = AppIcon;
				ASSETCATALOG_COMPILER_GLOBAL_ACCENT_COLOR_NAME = AccentColor;
				CODE_SIGN_STYLE = Automatic;
				CURRENT_PROJECT_VERSION = 1;
				DEVELOPMENT_TEAM = 5UAUYM5638;
				GENERATE_INFOPLIST_FILE = YES;
				INFOPLIST_FILE = DemoApp/Info.plist;
				INFOPLIST_KEY_UIApplicationSupportsIndirectInputEvents = YES;
				INFOPLIST_KEY_UILaunchStoryboardName = LaunchScreen;
				INFOPLIST_KEY_UIMainStoryboardFile = Main;
				INFOPLIST_KEY_UISupportedInterfaceOrientations_iPad = "UIInterfaceOrientationPortrait UIInterfaceOrientationPortraitUpsideDown UIInterfaceOrientationLandscapeLeft UIInterfaceOrientationLandscapeRight";
				INFOPLIST_KEY_UISupportedInterfaceOrientations_iPhone = "UIInterfaceOrientationPortrait UIInterfaceOrientationLandscapeLeft UIInterfaceOrientationLandscapeRight";
				LD_RUNPATH_SEARCH_PATHS = (
					"$(inherited)",
					"@executable_path/Frameworks",
				);
				MARKETING_VERSION = 1.0;
				PRODUCT_BUNDLE_IDENTIFIER = SOVAPP.DemoApp;
				PRODUCT_NAME = "$(TARGET_NAME)";
				SWIFT_EMIT_LOC_STRINGS = YES;
				SWIFT_VERSION = 5.0;
				TARGETED_DEVICE_FAMILY = "1,2";
			};
			name = Debug;
		};
		082F146B29EF1BCD00ADA863 /* Release */ = {
			isa = XCBuildConfiguration;
			buildSettings = {
				ASSETCATALOG_COMPILER_APPICON_NAME = AppIcon;
				ASSETCATALOG_COMPILER_GLOBAL_ACCENT_COLOR_NAME = AccentColor;
				CODE_SIGN_STYLE = Automatic;
				CURRENT_PROJECT_VERSION = 1;
				DEVELOPMENT_TEAM = 5UAUYM5638;
				GENERATE_INFOPLIST_FILE = YES;
				INFOPLIST_FILE = DemoApp/Info.plist;
				INFOPLIST_KEY_UIApplicationSupportsIndirectInputEvents = YES;
				INFOPLIST_KEY_UILaunchStoryboardName = LaunchScreen;
				INFOPLIST_KEY_UIMainStoryboardFile = Main;
				INFOPLIST_KEY_UISupportedInterfaceOrientations_iPad = "UIInterfaceOrientationPortrait UIInterfaceOrientationPortraitUpsideDown UIInterfaceOrientationLandscapeLeft UIInterfaceOrientationLandscapeRight";
				INFOPLIST_KEY_UISupportedInterfaceOrientations_iPhone = "UIInterfaceOrientationPortrait UIInterfaceOrientationLandscapeLeft UIInterfaceOrientationLandscapeRight";
				LD_RUNPATH_SEARCH_PATHS = (
					"$(inherited)",
					"@executable_path/Frameworks",
				);
				MARKETING_VERSION = 1.0;
				PRODUCT_BUNDLE_IDENTIFIER = SOVAPP.DemoApp;
				PRODUCT_NAME = "$(TARGET_NAME)";
				SWIFT_EMIT_LOC_STRINGS = YES;
				SWIFT_VERSION = 5.0;
				TARGETED_DEVICE_FAMILY = "1,2";
			};
			name = Release;
		};
/* End XCBuildConfiguration section */

/* Begin XCConfigurationList section */
		082F145029EF1BCA00ADA863 /* Build configuration list for PBXProject "DemoApp" */ = {
			isa = XCConfigurationList;
			buildConfigurations = (
				082F146729EF1BCD00ADA863 /* Debug */,
				082F146829EF1BCD00ADA863 /* Release */,
			);
			defaultConfigurationIsVisible = 0;
			defaultConfigurationName = Release;
		};
		082F146929EF1BCD00ADA863 /* Build configuration list for PBXNativeTarget "DemoApp" */ = {
			isa = XCConfigurationList;
			buildConfigurations = (
				082F146A29EF1BCD00ADA863 /* Debug */,
				082F146B29EF1BCD00ADA863 /* Release */,
			);
			defaultConfigurationIsVisible = 0;
			defaultConfigurationName = Release;
		};
/* End XCConfigurationList section */

/* Begin XCRemoteSwiftPackageReference section */
		082F147829F3D97400ADA863 /* XCRemoteSwiftPackageReference "FSCalendar" */ = {
			isa = XCRemoteSwiftPackageReference;
			repositoryURL = "https://github.com/WenchaoD/FSCalendar";
			requirement = {
				branch = master;
				kind = branch;
			};
		};
/* End XCRemoteSwiftPackageReference section */

/* Begin XCSwiftPackageProductDependency section */
		082F147929F3D97400ADA863 /* FSCalendar */ = {
			isa = XCSwiftPackageProductDependency;
			package = 082F147829F3D97400ADA863 /* XCRemoteSwiftPackageReference "FSCalendar" */;
			productName = FSCalendar;
		};
/* End XCSwiftPackageProductDependency section */
	};
	rootObject = 082F144D29EF1BCA00ADA863 /* Project object */;
}
